
Microsoft Visual Studio Solution File, Format Version 12.00
# Visual Studio Version 16
VisualStudioVersion = 16.0.32602.291
MinimumVisualStudioVersion = 10.0.40219.1
Project("{9A19103F-16F7-4668-BE54-9A1E7A4F7556}") = "Assignment_1_Api_BookService", "Assignment_1_Api_BookService.csproj", "{567E2972-3CA5-4FF8-9D01-A8E9A1C1C6B5}"
EndProject
Project("{9A19103F-16F7-4668-BE54-9A1E7A4F7556}") = "Books.Datalayer", "Books.Datalayer\Books.Datalayer.csproj", "{2E4F3450-C9C3-4826-A09F-70F4E43E3BA4}"
EndProject
Project("{9A19103F-16F7-4668-BE54-9A1E7A4F7556}") = "Books.Entities", "Books.Entities\Books.Entities.csproj", "{FD9E8968-D0EA-4E8E-BDDE-D7C26DE9AEDF}"
EndProject
Project("{9A19103F-16F7-4668-BE54-9A1E7A4F7556}") = "Client", "Client\Client.csproj", "{F5C06F35-8556-4AE9-B903-7F7107CA2C90}"
EndProject
Global
	GlobalSection(SolutionConfigurationPlatforms) = preSolution
		Debug|Any CPU = Debug|Any CPU
		Release|Any CPU = Release|Any CPU
	EndGlobalSection
	GlobalSection(ProjectConfigurationPlatforms) = postSolution
		{567E2972-3CA5-4FF8-9D01-A8E9A1C1C6B5}.Debug|Any CPU.ActiveCfg = Debug|Any CPU
		{567E2972-3CA5-4FF8-9D01-A8E9A1C1C6B5}.Debug|Any CPU.Build.0 = Debug|Any CPU
		{567E2972-3CA5-4FF8-9D01-A8E9A1C1C6B5}.Release|Any CPU.ActiveCfg = Release|Any CPU
		{567E2972-3CA5-4FF8-9D01-A8E9A1C1C6B5}.Release|Any CPU.Build.0 = Release|Any CPU
		{2E4F3450-C9C3-4826-A09F-70F4E43E3BA4}.Debug|Any CPU.ActiveCfg = Debug|Any CPU
		{2E4F3450-C9C3-4826-A09F-70F4E43E3BA4}.Debug|Any CPU.Build.0 = Debug|Any CPU
		{2E4F3450-C9C3-4826-A09F-70F4E43E3BA4}.Release|Any CPU.ActiveCfg = Release|Any CPU
		{2E4F3450-C9C3-4826-A09F-70F4E43E3BA4}.Release|Any CPU.Build.0 = Release|Any CPU
		{FD9E8968-D0EA-4E8E-BDDE-D7C26DE9AEDF}.Debug|Any CPU.ActiveCfg = Debug|Any CPU
		{FD9E8968-D0EA-4E8E-BDDE-D7C26DE9AEDF}.Debug|Any CPU.Build.0 = Debug|Any CPU
		{FD9E8968-D0EA-4E8E-BDDE-D7C26DE9AEDF}.Release|Any CPU.ActiveCfg = Release|Any CPU
		{FD9E8968-D0EA-4E8E-BDDE-D7C26DE9AEDF}.Release|Any CPU.Build.0 = Release|Any CPU
		{F5C06F35-8556-4AE9-B903-7F7107CA2C90}.Debug|Any CPU.ActiveCfg = Debug|Any CPU
		{F5C06F35-8556-4AE9-B903-7F7107CA2C90}.Debug|Any CPU.Build.0 = Debug|Any CPU
		{F5C06F35-8556-4AE9-B903-7F7107CA2C90}.Release|Any CPU.ActiveCfg = Release|Any CPU
		{F5C06F35-8556-4AE9-B903-7F7107CA2C90}.Release|Any CPU.Build.0 = Release|Any CPU
	EndGlobalSection
	GlobalSection(SolutionProperties) = preSolution
		HideSolutionNode = FALSE
	EndGlobalSection
	GlobalSection(ExtensibilityGlobals) = postSolution
		SolutionGuid = {28052583-307B-4032-B72A-8FF04708821D}
	EndGlobalSection
EndGlobal
